
Microsoft Visual Studio Solution File, Format Version 12.00
Project("{FAE04EC0-301F-11D3-BF4B-00C04F79EFBC}") = "ConsoleClient", "ConsoleClient.csproj", "{EB7C8A11-1F10-4CC9-8874-5D858FFB3543}"
EndProject
Global
	GlobalSection(SolutionConfigurationPlatforms) = preSolution
		Debug|Any CPU = Debug|Any CPU
		Release|Any CPU = Release|Any CPU
	EndGlobalSection
	GlobalSection(ProjectConfigurationPlatforms) = postSolution
		{EB7C8A11-1F10-4CC9-8874-5D858FFB3543}.Debug|Any CPU.ActiveCfg = Debug|Any CPU
		{EB7C8A11-1F10-4CC9-8874-5D858FFB3543}.Debug|Any CPU.Build.0 = Debug|Any CPU
		{EB7C8A11-1F10-4CC9-8874-5D858FFB3543}.Release|Any CPU.ActiveCfg = Release|Any CPU
		{EB7C8A11-1F10-4CC9-8874-5D858FFB3543}.Release|Any CPU.Build.0 = Release|Any CPU
	EndGlobalSection
EndGlobal
